dependencies:
- name: trino
  repository: file://charts/trino
  version: 1.41.0
- name: superset
  repository: https://apache.github.io/superset
  version: 0.15.2
- name: prefect-server
  repository: https://prefecthq.github.io/prefect-helm
  version: 2026.6.1154549
- name: prefect-worker
  repository: https://prefecthq.github.io/prefect-helm
  version: 2026.6.1154549
- name: oauth2-proxy
  repository: https://oauth2-proxy.github.io/manifests
  version: 10.1.4
- name: oauth2-proxy
  repository: https://oauth2-proxy.github.io/manifests
  version: 10.1.4
- name: oauth2-proxy
  repository: https://oauth2-proxy.github.io/manifests
  version: 10.1.4
- name: keycloak
  repository: oci://registry-1.docker.io/bitnamicharts
  version: 25.2.0
- name: spark-operator
  repository: https://kubeflow.github.io/spark-operator
  version: 2.4.0
- name: minio
  repository: https://charts.bitnami.com/bitnami
  version: 15.0.7
- name: datahub
  repository: https://helm.datahubproject.io
  version: 0.8.21
- name: datahub-prerequisites
  repository: https://helm.datahubproject.io
  version: 0.2.3
- name: vault
  repository: https://helm.releases.hashicorp.com
  version: 0.32.0
- name: jupyterhub
  repository: https://jupyterhub.github.io/helm-chart
  version: 4.3.3
- name: shared-postgresql
  repository: file://charts/shared-postgresql
  version: 0.1.0
- name: hive
  repository: file://charts/hive
  version: 0.2.0
- name: cloudbeaver
  repository: file://charts/cloudbeaver
  version: 0.1.0
- name: postgresql
  repository: https://charts.bitnami.com/bitnami
  version: 14.3.3
digest: sha256:0fcb23e350ed3359e769149c73f9ed0004e188fe1c710518bbe2d17b76bfb5ef
generated: "2026-08-26T17:06:31.090163+01:00"
