dependencies:
- name: trino
  repository: file://charts/trino
  version: 0.34.0
- name: superset
  repository: https://apache.github.io/superset
  version: 0.15.2
- name: prefect-server
  repository: https://prefecthq.github.io/prefect-helm
  version: 2025.12.31221620
- name: prefect-worker
  repository: https://prefecthq.github.io/prefect-helm
  version: 2025.12.31221620
- name: oauth2-proxy
  repository: https://oauth2-proxy.github.io/manifests
  version: 10.1.4
- name: oauth2-proxy
  repository: https://oauth2-proxy.github.io/manifests
  version: 10.1.4
- name: oauth2-proxy
  repository: https://oauth2-proxy.github.io/manifests
  version: 10.1.4
- name: keycloak
  repository: oci://registry-1.docker.io/bitnamicharts
  version: 25.2.0
- name: spark-operator
  repository: https://kubeflow.github.io/spark-operator
  version: 2.4.0
- name: minio
  repository: https://charts.bitnami.com/bitnami
  version: 15.0.7
- name: datahub
  repository: https://helm.datahubproject.io
  version: 0.8.21
- name: datahub-prerequisites
  repository: https://helm.datahubproject.io
  version: 0.2.3
- name: vault
  repository: https://helm.releases.hashicorp.com
  version: 0.32.0
- name: jupyterhub
  repository: https://jupyterhub.github.io/helm-chart
  version: 4.3.3
- name: hive
  repository: file://charts/hive
  version: 0.1.0
- name: postgresql
  repository: https://charts.bitnami.com/bitnami
  version: 14.3.3
- name: postgresql
  repository: https://charts.bitnami.com/bitnami
  version: 14.3.3
digest: sha256:af3b55bd68a900036665015c1c0e287d4f5ceb0c227e00f5f1afc4e7160404be
generated: "2026-04-15T17:00:04.625342+01:00"
